// !$*UTF8*$!
{
	archiveVersion = 1;
	classes = {
	};
	objectVersion = 56;
	objects = {

/* Begin PBXBuildFile section */
		F5B05D9E2C0F6D4400AB2865 /* AppDelegate.swift in Sources */ = {isa = PBXBuildFile; fileRef = F5B05D9D2C0F6D4400AB2865 /* AppDelegate.swift */; };
		F5B05DA02C0F6D4400AB2865 /* SceneDelegate.swift in Sources */ = {isa = PBXBuildFile; fileRef = F5B05D9F2C0F6D4400AB2865 /* SceneDelegate.swift */; };
		F5B05DA22C0F6D4400AB2865 /* ViewController.swift in Sources */ = {isa = PBXBuildFile; fileRef = F5B05DA12C0F6D4400AB2865 /* ViewController.swift */; };
		F5B05DA52C0F6D4400AB2865 /* Base in Resources */ = {isa = PBXBuildFile; fileRef = F5B05DA42C0F6D4400AB2865 /* Base */; };
		F5B05DA72C0F6D4500AB2865 /* Assets.xcassets in Resources */ = {isa = PBXBuildFile; fileRef = F5B05DA62C0F6D4500AB2865 /* Assets.xcassets */; };
		F5B05DAA2C0F6D4500AB2865 /* Base in Resources */ = {isa = PBXBuildFile; fileRef = F5B05DA92C0F6D4500AB2865 /* Base */; };
		F5B05DB52C0F6D4500AB2865 /* UdderTests.swift in Sources */ = {isa = PBXBuildFile; fileRef = F5B05DB42C0F6D4500AB2865 /* UdderTests.swift */; };
		F5B05DBF2C0F6D4500AB2865 /* UdderUITests.swift in Sources */ = {isa = PBXBuildFile; fileRef = F5B05DBE2C0F6D4500AB2865 /* UdderUITests.swift */; };
		F5B05DC12C0F6D4500AB2865 /* UdderUITestsLaunchTests.swift in Sources */ = {isa = PBXBuildFile; fileRef = F5B05DC02C0F6D4500AB2865 /* UdderUITestsLaunchTests.swift */; };
/* End PBXBuildFile section */

/* Begin PBXContainerItemProxy section */
		F5B05DB12C0F6D4500AB2865 /* PBXContainerItemProxy */ = {
			isa = PBXContainerItemProxy;
			containerPortal = F5B05D922C0F6D4400AB2865 /* Project object */;
			proxyType = 1;
			remoteGlobalIDString = F5B05D992C0F6D4400AB2865;
			remoteInfo = Udder;
		};
		F5B05DBB2C0F6D4500AB2865 /* PBXContainerItemProxy */ = {
			isa = PBXContainerItemProxy;
			containerPortal = F5B05D922C0F6D4400AB2865 /* Project object */;
			proxyType = 1;
			remoteGlobalIDString = F5B05D992C0F6D4400AB2865;
			remoteInfo = Udder;
		};
/* End PBXContainerItemProxy section */

/* Begin PBXFileReference section */
		F5B05D9A2C0F6D4400AB2865 /* Udder.app */ = {isa = PBXFileReference; explicitFileType = wrapper.application; includeInIndex = 0; path = Udder.app; sourceTree = BUILT_PRODUCTS_DIR; };
		F5B05D9D2C0F6D4400AB2865 /* AppDelegate.swift */ = {isa = PBXFileReference; lastKnownFileType = sourcecode.swift; path = AppDelegate.swift; sourceTree = "<group>"; };
		F5B05D9F2C0F6D4400AB2865 /* SceneDelegate.swift */ = {isa = PBXFileReference; lastKnownFileType = sourcecode.swift; path = SceneDelegate.swift; sourceTree = "<group>"; };
		F5B05DA12C0F6D4400AB2865 /* ViewController.swift */ = {isa = PBXFileReference; lastKnownFileType = sourcecode.swift; path = ViewController.swift; sourceTree = "<group>"; };
		F5B05DA42C0F6D4400AB2865 /* Base */ = {isa = PBXFileReference; lastKnownFileType = file.storyboard; name = Base; path = Base.lproj/Main.storyboard; sourceTree = "<group>"; };
		F5B05DA62C0F6D4500AB2865 /* Assets.xcassets */ = {isa = PBXFileReference; lastKnownFileType = folder.assetcatalog; path = Assets.xcassets; sourceTree = "<group>"; };
		F5B05DA92C0F6D4500AB2865 /* Base */ = {isa = PBXFileReference; lastKnownFileType = file.storyboard; name = Base; path = Base.lproj/LaunchScreen.storyboard; sourceTree = "<group>"; };
		F5B05DAB2C0F6D4500AB2865 /* Info.plist */ = {isa = PBXFileReference; lastKnownFileType = text.plist.xml; path = Info.plist; sourceTree = "<group>"; };
		F5B05DB02C0F6D4500AB2865 /* UdderTests.xctest */ = {isa = PBXFileReference; explicitFileType = wrapper.cfbundle; includeInIndex = 0; path = UdderTests.xctest; sourceTree = BUILT_PRODUCTS_DIR; };
		F5B05DB42C0F6D4500AB2865 /* UdderTests.swift */ = {isa = PBXFileReference; lastKnownFileType = sourcecode.swift; path = UdderTests.swift; sourceTree = "<group>"; };
		F5B05DBA2C0F6D4500AB2865 /* UdderUITests.xctest */ = {isa = PBXFileReference; explicitFileType = wrapper.cfbundle; includeInIndex = 0; path = UdderUITests.xctest; sourceTree = BUILT_PRODUCTS_DIR; };
		F5B05DBE2C0F6D4500AB2865 /* UdderUITests.swift */ = {isa = PBXFileReference; lastKnownFileType = sourcecode.swift; path = UdderUITests.swift; sourceTree = "<group>"; };
		F5B05DC02C0F6D4500AB2865 /* UdderUITestsLaunchTests.swift */ = {isa = PBXFileReference; lastKnownFileType = sourcecode.swift; path = UdderUITestsLaunchTests.swift; sourceTree = "<group>"; };
/* End PBXFileReference section */

/* Begin PBXFrameworksBuildPhase section */
		F5B05D972C0F6D4400AB2865 /* Frameworks */ = {
			isa = PBXFrameworksBuildPhase;
			buildActionMask = 2147483647;
			files = (
			);
			runOnlyForDeploymentPostprocessing = 0;
		};
		F5B05DAD2C0F6D4500AB2865 /* Frameworks */ = {
			isa = PBXFrameworksBuildPhase;
			buildActionMask = 2147483647;
			files = (
			);
			runOnlyForDeploymentPostprocessing = 0;
		};
		F5B05DB72C0F6D4500AB2865 /* Frameworks */ = {
			isa = PBXFrameworksBuildPhase;
			buildActionMask = 2147483647;
			files = (
			);
			runOnlyForDeploymentPostprocessing = 0;
		};
/* End PBXFrameworksBuildPhase section */

/* Begin PBXGroup section */
		F5B05D912C0F6D4400AB2865 = {
			isa = PBXGroup;
			children = (
				F5B05D9C2C0F6D4400AB2865 /* Udder */,
				F5B05DB32C0F6D4500AB2865 /* UdderTests */,
				F5B05DBD2C0F6D4500AB2865 /* UdderUITests */,
				F5B05D9B2C0F6D4400AB2865 /* Products */,
			);
			sourceTree = "<group>";
		};
		F5B05D9B2C0F6D4400AB2865 /* Products */ = {
			isa = PBXGroup;
			children = (
				F5B05D9A2C0F6D4400AB2865 /* Udder.app */,
				F5B05DB02C0F6D4500AB2865 /* UdderTests.xctest */,
				F5B05DBA2C0F6D4500AB2865 /* UdderUITests.xctest */,
			);
			name = Products;
			sourceTree = "<group>";
		};
		F5B05D9C2C0F6D4400AB2865 /* Udder */ = {
			isa = PBXGroup;
			children = (
				F5B05D9D2C0F6D4400AB2865 /* AppDelegate.swift */,
				F5B05D9F2C0F6D4400AB2865 /* SceneDelegate.swift */,
				F5B05DA12C0F6D4400AB2865 /* ViewController.swift */,
				F5B05DA32C0F6D4400AB2865 /* Main.storyboard */,
				F5B05DA62C0F6D4500AB2865 /* Assets.xcassets */,
				F5B05DA82C0F6D4500AB2865 /* LaunchScreen.storyboard */,
				F5B05DAB2C0F6D4500AB2865 /* Info.plist */,
			);
			path = Udder;
			sourceTree = "<group>";
		};
		F5B05DB32C0F6D4500AB2865 /* UdderTests */ = {
			isa = PBXGroup;
			children = (
				F5B05DB42C0F6D4500AB2865 /* UdderTests.swift */,
			);
			path = UdderTests;
			sourceTree = "<group>";
		};
		F5B05DBD2C0F6D4500AB2865 /* UdderUITests */ = {
			isa = PBXGroup;
			children = (
				F5B05DBE2C0F6D4500AB2865 /* UdderUITests.swift */,
				F5B05DC02C0F6D4500AB2865 /* UdderUITestsLaunchTests.swift */,
			);
			path = UdderUITests;
			sourceTree = "<group>";
		};
/* End PBXGroup section */

/* Begin PBXNativeTarget section */
		F5B05D992C0F6D4400AB2865 /* Udder */ = {
			isa = PBXNativeTarget;
			buildConfigurationList = F5B05DC42C0F6D4500AB2865 /* Build configuration list for PBXNativeTarget "Udder" */;
			buildPhases = (
				F5B05D962C0F6D4400AB2865 /* Sources */,
				F5B05D972C0F6D4400AB2865 /* Frameworks */,
				F5B05D982C0F6D4400AB2865 /* Resources */,
			);
			buildRules = (
			);
			dependencies = (
			);
			name = Udder;
			productName = Udder;
			productReference = F5B05D9A2C0F6D4400AB2865 /* Udder.app */;
			productType = "com.apple.product-type.application";
		};
		F5B05DAF2C0F6D4500AB2865 /* UdderTests */ = {
			isa = PBXNativeTarget;
			buildConfigurationList = F5B05DC72C0F6D4500AB2865 /* Build configuration list for PBXNativeTarget "UdderTests" */;
			buildPhases = (
				F5B05DAC2C0F6D4500AB2865 /* Sources */,
				F5B05DAD2C0F6D4500AB2865 /* Frameworks */,
				F5B05DAE2C0F6D4500AB2865 /* Resources */,
			);
			buildRules = (
			);
			dependencies = (
				F5B05DB22C0F6D4500AB2865 /* PBXTargetDependency */,
			);
			name = UdderTests;
			productName = UdderTests;
			productReference = F5B05DB02C0F6D4500AB2865 /* UdderTests.xctest */;
			productType = "com.apple.product-type.bundle.unit-test";
		};
		F5B05DB92C0F6D4500AB2865 /* UdderUITests */ = {
			isa = PBXNativeTarget;
			buildConfigurationList = F5B05DCA2C0F6D4500AB2865 /* Build configuration list for PBXNativeTarget "UdderUITests" */;
			buildPhases = (
				F5B05DB62C0F6D4500AB2865 /* Sources */,
				F5B05DB72C0F6D4500AB2865 /* Frameworks */,
				F5B05DB82C0F6D4500AB2865 /* Resources */,
			);
			buildRules = (
			);
			dependencies = (
				F5B05DBC2C0F6D4500AB2865 /* PBXTargetDependency */,
			);
			name = UdderUITests;
			productName = UdderUITests;
			productReference = F5B05DBA2C0F6D4500AB2865 /* UdderUITests.xctest */;
			productType = "com.apple.product-type.bundle.ui-testing";
		};
/* End PBXNativeTarget section */

/* Begin PBXProject section */
		F5B05D922C0F6D4400AB2865 /* Project object */ = {
			isa = PBXProject;
			attributes = {
				BuildIndependentTargetsInParallel = 1;
				LastSwiftUpdateCheck = 1540;
				LastUpgradeCheck = 1540;
				TargetAttributes = {
					F5B05D992C0F6D4400AB2865 = {
						CreatedOnToolsVersion = 15.4;
					};
					F5B05DAF2C0F6D4500AB2865 = {
						CreatedOnToolsVersion = 15.4;
						TestTargetID = F5B05D992C0F6D4400AB2865;
					};
					F5B05DB92C0F6D4500AB2865 = {
						CreatedOnToolsVersion = 15.4;
						TestTargetID = F5B05D992C0F6D4400AB2865;
					};
				};
			};
			buildConfigurationList = F5B05D952C0F6D4400AB2865 /* Build configuration list for PBXProject "Udder" */;
			compatibilityVersion = "Xcode 14.0";
			developmentRegion = en;
			hasScannedForEncodings = 0;
			knownRegions = (
				en,
				Base,
			);
			mainGroup = F5B05D912C0F6D4400AB2865;
			productRefGroup = F5B05D9B2C0F6D4400AB2865 /* Products */;
			projectDirPath = "";
			projectRoot = "";
			targets = (
				F5B05D992C0F6D4400AB2865 /* Udder */,
				F5B05DAF2C0F6D4500AB2865 /* UdderTests */,
				F5B05DB92C0F6D4500AB2865 /* UdderUITests */,
			);
		};
/* End PBXProject section */

/* Begin PBXResourcesBuildPhase section */
		F5B05D982C0F6D4400AB2865 /* Resources */ = {
			isa = PBXResourcesBuildPhase;
			buildActionMask = 2147483647;
			files = (
				F5B05DA72C0F6D4500AB2865 /* Assets.xcassets in Resources */,
				F5B05DAA2C0F6D4500AB2865 /* Base in Resources */,
				F5B05DA52C0F6D4400AB2865 /* Base in Resources */,
			);
			runOnlyForDeploymentPostprocessing = 0;
		};
		F5B05DAE2C0F6D4500AB2865 /* Resources */ = {
			isa = PBXResourcesBuildPhase;
			buildActionMask = 2147483647;
			files = (
			);
			runOnlyForDeploymentPostprocessing = 0;
		};
		F5B05DB82C0F6D4500AB2865 /* Resources */ = {
			isa = PBXResourcesBuildPhase;
			buildActionMask = 2147483647;
			files = (
			);
			runOnlyForDeploymentPostprocessing = 0;
		};
/* End PBXResourcesBuildPhase section */

/* Begin PBXSourcesBuildPhase section */
		F5B05D962C0F6D4400AB2865 /* Sources */ = {
			isa = PBXSourcesBuildPhase;
			buildActionMask = 2147483647;
			files = (
				F5B05DA22C0F6D4400AB2865 /* ViewController.swift in Sources */,
				F5B05D9E2C0F6D4400AB2865 /* AppDelegate.swift in Sources */,
				F5B05DA02C0F6D4400AB2865 /* SceneDelegate.swift in Sources */,
			);
			runOnlyForDeploymentPostprocessing = 0;
		};
		F5B05DAC2C0F6D4500AB2865 /* Sources */ = {
			isa = PBXSourcesBuildPhase;
			buildActionMask = 2147483647;
			files = (
				F5B05DB52C0F6D4500AB2865 /* UdderTests.swift in Sources */,
			);
			runOnlyForDeploymentPostprocessing = 0;
		};
		F5B05DB62C0F6D4500AB2865 /* Sources */ = {
			isa = PBXSourcesBuildPhase;
			buildActionMask = 2147483647;
			files = (
				F5B05DBF2C0F6D4500AB2865 /* UdderUITests.swift in Sources */,
				F5B05DC12C0F6D4500AB2865 /* UdderUITestsLaunchTests.swift in Sources */,
			);
			runOnlyForDeploymentPostprocessing = 0;
		};
/* End PBXSourcesBuildPhase section */

/* Begin PBXTargetDependency section */
		F5B05DB22C0F6D4500AB2865 /* PBXTargetDependency */ = {
			isa = PBXTargetDependency;
			target = F5B05D992C0F6D4400AB2865 /* Udder */;
			targetProxy = F5B05DB12C0F6D4500AB2865 /* PBXContainerItemProxy */;
		};
		F5B05DBC2C0F6D4500AB2865 /* PBXTargetDependency */ = {
			isa = PBXTargetDependency;
			target = F5B05D992C0F6D4400AB2865 /* Udder */;
			targetProxy = F5B05DBB2C0F6D4500AB2865 /* PBXContainerItemProxy */;
		};
/* End PBXTargetDependency section */

/* Begin PBXVariantGroup section */
		F5B05DA32C0F6D4400AB2865 /* Main.storyboard */ = {
			isa = PBXVariantGroup;
			children = (
				F5B05DA42C0F6D4400AB2865 /* Base */,
			);
			name = Main.storyboard;
			sourceTree = "<group>";
		};
		F5B05DA82C0F6D4500AB2865 /* LaunchScreen.storyboard */ = {
			isa = PBXVariantGroup;
			children = (
				F5B05DA92C0F6D4500AB2865 /* Base */,
			);
			name = LaunchScreen.storyboard;
			sourceTree = "<group>";
		};
/* End PBXVariantGroup section */

/* Begin XCBuildConfiguration section */
		F5B05DC22C0F6D4500AB2865 /* Debug */ = {
			isa = XCBuildConfiguration;
			buildSettings = {
				ALWAYS_SEARCH_USER_PATHS = NO;
				ASSETCATALOG_COMPILER_GENERATE_SWIFT_ASSET_SYMBOL_EXTENSIONS = YES;
				CLANG_ANALYZER_NONNULL = YES;
				CLANG_ANALYZER_NUMBER_OBJECT_CONVERSION = YES_AGGRESSIVE;
				CLANG_CXX_LANGUAGE_STANDARD = "gnu++20";
				CLANG_ENABLE_MODULES = YES;
				CLANG_ENABLE_OBJC_ARC = YES;
				CLANG_ENABLE_OBJC_WEAK = YES;
				CLANG_WARN_BLOCK_CAPTURE_AUTORELEASING = YES;
				CLANG_WARN_BOOL_CONVERSION = YES;
				CLANG_WARN_COMMA = YES;
				CLANG_WARN_CONSTANT_CONVERSION = YES;
				CLANG_WARN_DEPRECATED_OBJC_IMPLEMENTATIONS = YES;
				CLANG_WARN_DIRECT_OBJC_ISA_USAGE = YES_ERROR;
				CLANG_WARN_DOCUMENTATION_COMMENTS = YES;
				CLANG_WARN_EMPTY_BODY = YES;
				CLANG_WARN_ENUM_CONVERSION = YES;
				CLANG_WARN_INFINITE_RECURSION = YES;
				CLANG_WARN_INT_CONVERSION = YES;
				CLANG_WARN_NON_LITERAL_NULL_CONVERSION = YES;
				CLANG_WARN_OBJC_IMPLICIT_RETAIN_SELF = YES;
				CLANG_WARN_OBJC_LITERAL_CONVERSION = YES;
				CLANG_WARN_OBJC_ROOT_CLASS = YES_ERROR;
				CLANG_WARN_QUOTED_INCLUDE_IN_FRAMEWORK_HEADER = YES;
				CLANG_WARN_RANGE_LOOP_ANALYSIS = YES;
				CLANG_WARN_STRICT_PROTOTYPES = YES;
				CLANG_WARN_SUSPICIOUS_MOVE = YES;
				CLANG_WARN_UNGUARDED_AVAILABILITY = YES_AGGRESSIVE;
				CLANG_WARN_UNREACHABLE_CODE = YES;
				CLANG_WARN__DUPLICATE_METHOD_MATCH = YES;
				COPY_PHASE_STRIP = NO;
				DEBUG_INFORMATION_FORMAT = dwarf;
				ENABLE_STRICT_OBJC_MSGSEND = YES;
				ENABLE_TESTABILITY = YES;
				ENABLE_USER_SCRIPT_SANDBOXING = YES;
				GCC_C_LANGUAGE_STANDARD = gnu17;
				GCC_DYNAMIC_NO_PIC = NO;
				GCC_NO_COMMON_BLOCKS = YES;
				GCC_OPTIMIZATION_LEVEL = 0;
				GCC_PREPROCESSOR_DEFINITIONS = (
					"DEBUG=1",
					"$(inherited)",
				);
				GCC_WARN_64_TO_32_BIT_CONVERSION = YES;
				GCC_WARN_ABOUT_RETURN_TYPE = YES_ERROR;
				GCC_WARN_UNDECLARED_SELECTOR = YES;
				GCC_WARN_UNINITIALIZED_AUTOS = YES_AGGRESSIVE;
				GCC_WARN_UNUSED_FUNCTION = YES;
				GCC_WARN_UNUSED_VARIABLE = YES;
				IPHONEOS_DEPLOYMENT_TARGET = 17.5;
				LOCALIZATION_PREFERS_STRING_CATALOGS = YES;
				MTL_ENABLE_DEBUG_INFO = INCLUDE_SOURCE;
				MTL_FAST_MATH = YES;
				ONLY_ACTIVE_ARCH = YES;
				SDKROOT = iphoneos;
				SWIFT_ACTIVE_COMPILATION_CONDITIONS = "DEBUG $(inherited)";
				SWIFT_OPTIMIZATION_LEVEL = "-Onone";
			};
			name = Debug;
		};
		F5B05DC32C0F6D4500AB2865 /* Release */ = {
			isa = XCBuildConfiguration;
			buildSettings = {
				ALWAYS_SEARCH_USER_PATHS = NO;
				ASSETCATALOG_COMPILER_GENERATE_SWIFT_ASSET_SYMBOL_EXTENSIONS = YES;
				CLANG_ANALYZER_NONNULL = YES;
				CLANG_ANALYZER_NUMBER_OBJECT_CONVERSION = YES_AGGRESSIVE;
				CLANG_CXX_LANGUAGE_STANDARD = "gnu++20";
				CLANG_ENABLE_MODULES = YES;
				CLANG_ENABLE_OBJC_ARC = YES;
				CLANG_ENABLE_OBJC_WEAK = YES;
				CLANG_WARN_BLOCK_CAPTURE_AUTORELEASING = YES;
				CLANG_WARN_BOOL_CONVERSION = YES;
				CLANG_WARN_COMMA = YES;
				CLANG_WARN_CONSTANT_CONVERSION = YES;
				CLANG_WARN_DEPRECATED_OBJC_IMPLEMENTATIONS = YES;
				CLANG_WARN_DIRECT_OBJC_ISA_USAGE = YES_ERROR;
				CLANG_WARN_DOCUMENTATION_COMMENTS = YES;
				CLANG_WARN_EMPTY_BODY = YES;
				CLANG_WARN_ENUM_CONVERSION = YES;
				CLANG_WARN_INFINITE_RECURSION = YES;
				CLANG_WARN_INT_CONVERSION = YES;
				CLANG_WARN_NON_LITERAL_NULL_CONVERSION = YES;
				CLANG_WARN_OBJC_IMPLICIT_RETAIN_SELF = YES;
				CLANG_WARN_OBJC_LITERAL_CONVERSION = YES;
				CLANG_WARN_OBJC_ROOT_CLASS = YES_ERROR;
				CLANG_WARN_QUOTED_INCLUDE_IN_FRAMEWORK_HEADER = YES;
				CLANG_WARN_RANGE_LOOP_ANALYSIS = YES;
				CLANG_WARN_STRICT_PROTOTYPES = YES;
				CLANG_WARN_SUSPICIOUS_MOVE = YES;
				CLANG_WARN_UNGUARDED_AVAILABILITY = YES_AGGRESSIVE;
				CLANG_WARN_UNREACHABLE_CODE = YES;
				CLANG_WARN__DUPLICATE_METHOD_MATCH = YES;
				COPY_PHASE_STRIP = NO;
				DEBUG_INFORMATION_FORMAT = "dwarf-with-dsym";
				ENABLE_NS_ASSERTIONS = NO;
				ENABLE_STRICT_OBJC_MSGSEND = YES;
				ENABLE_USER_SCRIPT_SANDBOXING = YES;
				GCC_C_LANGUAGE_STANDARD = gnu17;
				GCC_NO_COMMON_BLOCKS = YES;
				GCC_WARN_64_TO_32_BIT_CONVERSION = YES;
				GCC_WARN_ABOUT_RETURN_TYPE = YES_ERROR;
				GCC_WARN_UNDECLARED_SELECTOR = YES;
				GCC_WARN_UNINITIALIZED_AUTOS = YES_AGGRESSIVE;
				GCC_WARN_UNUSED_FUNCTION = YES;
				GCC_WARN_UNUSED_VARIABLE = YES;
				IPHONEOS_DEPLOYMENT_TARGET = 17.5;
				LOCALIZATION_PREFERS_STRING_CATALOGS = YES;
				MTL_ENABLE_DEBUG_INFO = NO;
				MTL_FAST_MATH = YES;
				SDKROOT = iphoneos;
				SWIFT_COMPILATION_MODE = wholemodule;
				VALIDATE_PRODUCT = YES;
			};
			name = Release;
		};
		F5B05DC52C0F6D4500AB2865 /* Debug */ = {
			isa = XCBuildConfiguration;
			buildSettings = {
				ASSETCATALOG_COMPILER_APPICON_NAME = AppIcon;
				ASSETCATALOG_COMPILER_GLOBAL_ACCENT_COLOR_NAME = AccentColor;
				CODE_SIGN_STYLE = Automatic;
				CURRENT_PROJECT_VERSION = 1;
				GENERATE_INFOPLIST_FILE = YES;
				INFOPLIST_FILE = Udder/Info.plist;
				INFOPLIST_KEY_UIApplicationSupportsIndirectInputEvents = YES;
				INFOPLIST_KEY_UILaunchStoryboardName = LaunchScreen;
				INFOPLIST_KEY_UIMainStoryboardFile = Main;
				INFOPLIST_KEY_UISupportedInterfaceOrientations_iPad = "UIInterfaceOrientationPortrait UIInterfaceOrientationPortraitUpsideDown UIInterfaceOrientationLandscapeLeft UIInterfaceOrientationLandscapeRight";
				INFOPLIST_KEY_UISupportedInterfaceOrientations_iPhone = "UIInterfaceOrientationPortrait UIInterfaceOrientationLandscapeLeft UIInterfaceOrientationLandscapeRight";
				LD_RUNPATH_SEARCH_PATHS = (
					"$(inherited)",
					"@executable_path/Frameworks",
				);
				MARKETING_VERSION = 1.0;
				PRODUCT_BUNDLE_IDENTIFIER = com.nooshinbaraaty.Udder;
				PRODUCT_NAME = "$(TARGET_NAME)";
				SWIFT_EMIT_LOC_STRINGS = YES;
				SWIFT_VERSION = 5.0;
				TARGETED_DEVICE_FAMILY = "1,2";
			};
			name = Debug;
		};
		F5B05DC62C0F6D4500AB2865 /* Release */ = {
			isa = XCBuildConfiguration;
			buildSettings = {
				ASSETCATALOG_COMPILER_APPICON_NAME = AppIcon;
				ASSETCATALOG_COMPILER_GLOBAL_ACCENT_COLOR_NAME = AccentColor;
				CODE_SIGN_STYLE = Automatic;
				CURRENT_PROJECT_VERSION = 1;
				GENERATE_INFOPLIST_FILE = YES;
				INFOPLIST_FILE = Udder/Info.plist;
				INFOPLIST_KEY_UIApplicationSupportsIndirectInputEvents = YES;
				INFOPLIST_KEY_UILaunchStoryboardName = LaunchScreen;
				INFOPLIST_KEY_UIMainStoryboardFile = Main;
				INFOPLIST_KEY_UISupportedInterfaceOrientations_iPad = "UIInterfaceOrientationPortrait UIInterfaceOrientationPortraitUpsideDown UIInterfaceOrientationLandscapeLeft UIInterfaceOrientationLandscapeRight";
				INFOPLIST_KEY_UISupportedInterfaceOrientations_iPhone = "UIInterfaceOrientationPortrait UIInterfaceOrientationLandscapeLeft UIInterfaceOrientationLandscapeRight";
				LD_RUNPATH_SEARCH_PATHS = (
					"$(inherited)",
					"@executable_path/Frameworks",
				);
				MARKETING_VERSION = 1.0;
				PRODUCT_BUNDLE_IDENTIFIER = com.nooshinbaraaty.Udder;
				PRODUCT_NAME = "$(TARGET_NAME)";
				SWIFT_EMIT_LOC_STRINGS = YES;
				SWIFT_VERSION = 5.0;
				TARGETED_DEVICE_FAMILY = "1,2";
			};
			name = Release;
		};
		F5B05DC82C0F6D4500AB2865 /* Debug */ = {
			isa = XCBuildConfiguration;
			buildSettings = {
				ALWAYS_EMBED_SWIFT_STANDARD_LIBRARIES = YES;
				BUNDLE_LOADER = "$(TEST_HOST)";
				CODE_SIGN_STYLE = Automatic;
				CURRENT_PROJECT_VERSION = 1;
				GENERATE_INFOPLIST_FILE = YES;
				IPHONEOS_DEPLOYMENT_TARGET = 17.5;
				MARKETING_VERSION = 1.0;
				PRODUCT_BUNDLE_IDENTIFIER = com.nooshinbaraaty.UdderTests;
				PRODUCT_NAME = "$(TARGET_NAME)";
				SWIFT_EMIT_LOC_STRINGS = NO;
				SWIFT_VERSION = 5.0;
				TARGETED_DEVICE_FAMILY = "1,2";
				TEST_HOST = "$(BUILT_PRODUCTS_DIR)/Udder.app/$(BUNDLE_EXECUTABLE_FOLDER_PATH)/Udder";
			};
			name = Debug;
		};
		F5B05DC92C0F6D4500AB2865 /* Release */ = {
			isa = XCBuildConfiguration;
			buildSettings = {
				ALWAYS_EMBED_SWIFT_STANDARD_LIBRARIES = YES;
				BUNDLE_LOADER = "$(TEST_HOST)";
				CODE_SIGN_STYLE = Automatic;
				CURRENT_PROJECT_VERSION = 1;
				GENERATE_INFOPLIST_FILE = YES;
				IPHONEOS_DEPLOYMENT_TARGET = 17.5;
				MARKETING_VERSION = 1.0;
				PRODUCT_BUNDLE_IDENTIFIER = com.nooshinbaraaty.UdderTests;
				PRODUCT_NAME = "$(TARGET_NAME)";
				SWIFT_EMIT_LOC_STRINGS = NO;
				SWIFT_VERSION = 5.0;
				TARGETED_DEVICE_FAMILY = "1,2";
				TEST_HOST = "$(BUILT_PRODUCTS_DIR)/Udder.app/$(BUNDLE_EXECUTABLE_FOLDER_PATH)/Udder";
			};
			name = Release;
		};
		F5B05DCB2C0F6D4500AB2865 /* Debug */ = {
			isa = XCBuildConfiguration;
			buildSettings = {
				ALWAYS_EMBED_SWIFT_STANDARD_LIBRARIES = YES;
				CODE_SIGN_STYLE = Automatic;
				CURRENT_PROJECT_VERSION = 1;
				GENERATE_INFOPLIST_FILE = YES;
				MARKETING_VERSION = 1.0;
				PRODUCT_BUNDLE_IDENTIFIER = com.nooshinbaraaty.UdderUITests;
				PRODUCT_NAME = "$(TARGET_NAME)";
				SWIFT_EMIT_LOC_STRINGS = NO;
				SWIFT_VERSION = 5.0;
				TARGETED_DEVICE_FAMILY = "1,2";
				TEST_TARGET_NAME = Udder;
			};
			name = Debug;
		};
		F5B05DCC2C0F6D4500AB2865 /* Release */ = {
			isa = XCBuildConfiguration;
			buildSettings = {
				ALWAYS_EMBED_SWIFT_STANDARD_LIBRARIES = YES;
				CODE_SIGN_STYLE = Automatic;
				CURRENT_PROJECT_VERSION = 1;
				GENERATE_INFOPLIST_FILE = YES;
				MARKETING_VERSION = 1.0;
				PRODUCT_BUNDLE_IDENTIFIER = com.nooshinbaraaty.UdderUITests;
				PRODUCT_NAME = "$(TARGET_NAME)";
				SWIFT_EMIT_LOC_STRINGS = NO;
				SWIFT_VERSION = 5.0;
				TARGETED_DEVICE_FAMILY = "1,2";
				TEST_TARGET_NAME = Udder;
			};
			name = Release;
		};
/* End XCBuildConfiguration section */

/* Begin XCConfigurationList section */
		F5B05D952C0F6D4400AB2865 /* Build configuration list for PBXProject "Udder" */ = {
			isa = XCConfigurationList;
			buildConfigurations = (
				F5B05DC22C0F6D4500AB2865 /* Debug */,
				F5B05DC32C0F6D4500AB2865 /* Release */,
			);
			defaultConfigurationIsVisible = 0;
			defaultConfigurationName = Release;
		};
		F5B05DC42C0F6D4500AB2865 /* Build configuration list for PBXNativeTarget "Udder" */ = {
			isa = XCConfigurationList;
			buildConfigurations = (
				F5B05DC52C0F6D4500AB2865 /* Debug */,
				F5B05DC62C0F6D4500AB2865 /* Release */,
			);
			defaultConfigurationIsVisible = 0;
			defaultConfigurationName = Release;
		};
		F5B05DC72C0F6D4500AB2865 /* Build configuration list for PBXNativeTarget "UdderTests" */ = {
			isa = XCConfigurationList;
			buildConfigurations = (
				F5B05DC82C0F6D4500AB2865 /* Debug */,
				F5B05DC92C0F6D4500AB2865 /* Release */,
			);
			defaultConfigurationIsVisible = 0;
			defaultConfigurationName = Release;
		};
		F5B05DCA2C0F6D4500AB2865 /* Build configuration list for PBXNativeTarget "UdderUITests" */ = {
			isa = XCConfigurationList;
			buildConfigurations = (
				F5B05DCB2C0F6D4500AB2865 /* Debug */,
				F5B05DCC2C0F6D4500AB2865 /* Release */,
			);
			defaultConfigurationIsVisible = 0;
			defaultConfigurationName = Release;
		};
/* End XCConfigurationList section */
	};
	rootObject = F5B05D922C0F6D4400AB2865 /* Project object */;
}
